
Microsoft Visual Studio Solution File, Format Version 12.00
# Visual Studio Version 17
VisualStudioVersion = 17.1.32328.378
MinimumVisualStudioVersion = 10.0.40219.1
Project("{8BC9CEB8-8B4A-11D0-8D11-00A0C91BC942}") = "Algorithm Visualiser", "Algorithm Visualiser\Algorithm Visualiser.vcxproj", "{E0FC13AF-5C0B-4C17-B7F6-41452CD0555F}"
EndProject
Global
	GlobalSection(SolutionConfigurationPlatforms) = preSolution
		Debug|x64 = Debug|x64
		Debug|x86 = Debug|x86
		Release|x64 = Release|x64
		Release|x86 = Release|x86
	EndGlobalSection
	GlobalSection(ProjectConfigurationPlatforms) = postSolution
		{E0FC13AF-5C0B-4C17-B7F6-41452CD0555F}.Debug|x64.ActiveCfg = Debug|x64
		{E0FC13AF-5C0B-4C17-B7F6-41452CD0555F}.Debug|x64.Build.0 = Debug|x64
		{E0FC13AF-5C0B-4C17-B7F6-41452CD0555F}.Debug|x86.ActiveCfg = Debug|Win32
		{E0FC13AF-5C0B-4C17-B7F6-41452CD0555F}.Debug|x86.Build.0 = Debug|Win32
		{E0FC13AF-5C0B-4C17-B7F6-41452CD0555F}.Release|x64.ActiveCfg = Release|x64
		{E0FC13AF-5C0B-4C17-B7F6-41452CD0555F}.Release|x64.Build.0 = Release|x64
		{E0FC13AF-5C0B-4C17-B7F6-41452CD0555F}.Release|x86.ActiveCfg = Release|Win32
		{E0FC13AF-5C0B-4C17-B7F6-41452CD0555F}.Release|x86.Build.0 = Release|Win32
	EndGlobalSection
	GlobalSection(SolutionProperties) = preSolution
		HideSolutionNode = FALSE
	EndGlobalSection
	GlobalSection(ExtensibilityGlobals) = postSolution
		SolutionGuid = {F8ADFAEB-9272-48C1-BA2A-0B235DC4F60C}
	EndGlobalSection
EndGlobal
